
Microsoft Visual Studio Solution File, Format Version 12.00
# Visual Studio Version 17
VisualStudioVersion = 17.10.35027.167
MinimumVisualStudioVersion = 10.0.40219.1
Project("{FAE04EC0-301F-11D3-BF4B-00C04F79EFBC}") = "SqlServerExport", "SqlServerExport\SqlServerExport.csproj", "{0C87F6ED-A583-4EEA-8E06-FC1C7A4478D9}"
EndProject
Project("{FAE04EC0-301F-11D3-BF4B-00C04F79EFBC}") = "SqlServerImport", "SqlServerImport\SqlServerImport.csproj", "{A326D9C4-EF5D-4E66-87C7-9F3E01C1C6F6}"
EndProject
Global
	GlobalSection(SolutionConfigurationPlatforms) = preSolution
		Debug|Any CPU = Debug|Any CPU
		Release|Any CPU = Release|Any CPU
	EndGlobalSection
	GlobalSection(ProjectConfigurationPlatforms) = postSolution
		{0C87F6ED-A583-4EEA-8E06-FC1C7A4478D9}.Debug|Any CPU.ActiveCfg = Debug|Any CPU
		{0C87F6ED-A583-4EEA-8E06-FC1C7A4478D9}.Debug|Any CPU.Build.0 = Debug|Any CPU
		{0C87F6ED-A583-4EEA-8E06-FC1C7A4478D9}.Release|Any CPU.ActiveCfg = Release|Any CPU
		{0C87F6ED-A583-4EEA-8E06-FC1C7A4478D9}.Release|Any CPU.Build.0 = Release|Any CPU
		{A326D9C4-EF5D-4E66-87C7-9F3E01C1C6F6}.Debug|Any CPU.ActiveCfg = Debug|Any CPU
		{A326D9C4-EF5D-4E66-87C7-9F3E01C1C6F6}.Debug|Any CPU.Build.0 = Debug|Any CPU
		{A326D9C4-EF5D-4E66-87C7-9F3E01C1C6F6}.Release|Any CPU.ActiveCfg = Release|Any CPU
		{A326D9C4-EF5D-4E66-87C7-9F3E01C1C6F6}.Release|Any CPU.Build.0 = Release|Any CPU
	EndGlobalSection
	GlobalSection(SolutionProperties) = preSolution
		HideSolutionNode = FALSE
	EndGlobalSection
	GlobalSection(ExtensibilityGlobals) = postSolution
		SolutionGuid = {8D71B01E-A601-4F0B-8490-88759174EBD9}
	EndGlobalSection
EndGlobal
